
Microsoft Visual Studio Solution File, Format Version 12.00
# Visual Studio 15
VisualStudioVersion = 15.0.26730.3
MinimumVisualStudioVersion = 10.0.40219.1
Project("{9A19103F-16F7-4668-BE54-9A1E7A4F7556}") = "SQLGen", "SQLGen.csproj", "{3C80EF23-25B0-45CE-9D5A-FA1334E8D78B}"
EndProject
Global
	GlobalSection(SolutionConfigurationPlatforms) = preSolution
		Debug|Any CPU = Debug|Any CPU
		Release|Any CPU = Release|Any CPU
	EndGlobalSection
	GlobalSection(ProjectConfigurationPlatforms) = postSolution
		{3C80EF23-25B0-45CE-9D5A-FA1334E8D78B}.Debug|Any CPU.ActiveCfg = Debug|Any CPU
		{3C80EF23-25B0-45CE-9D5A-FA1334E8D78B}.Debug|Any CPU.Build.0 = Debug|Any CPU
		{3C80EF23-25B0-45CE-9D5A-FA1334E8D78B}.Release|Any CPU.ActiveCfg = Release|Any CPU
		{3C80EF23-25B0-45CE-9D5A-FA1334E8D78B}.Release|Any CPU.Build.0 = Release|Any CPU
	EndGlobalSection
	GlobalSection(SolutionProperties) = preSolution
		HideSolutionNode = FALSE
	EndGlobalSection
	GlobalSection(ExtensibilityGlobals) = postSolution
		SolutionGuid = {4AC54DAF-20B3-4D56-AC4B-0C1997E4B617}
	EndGlobalSection
EndGlobal
